
Microsoft Visual Studio Solution File, Format Version 12.00
# Visual Studio 2012
Project("{CC5FD16D-436D-48AD-A40C-5A424C6E3E79}") = "TaoTie", "TaoTie\TaoTie.ccproj", "{75A05B80-F4CC-4548-AECF-B11742BBCCC6}"
EndProject
Project("{FAE04EC0-301F-11D3-BF4B-00C04F79EFBC}") = "Task", "Task\Task.csproj", "{2B5F0227-71E7-4325-999C-CD28EE37BB46}"
	ProjectSection(ProjectDependencies) = postProject
		{1441E830-C237-415C-9025-47CE8DA73D7B} = {1441E830-C237-415C-9025-47CE8DA73D7B}
		{79B52C4C-B895-4CFF-ACC9-6211A6ECD876} = {79B52C4C-B895-4CFF-ACC9-6211A6ECD876}
		{5B5213B2-3321-46B1-B7C5-8B786B04346F} = {5B5213B2-3321-46B1-B7C5-8B786B04346F}
		{E8848AE4-AAB2-4DF7-9045-B09CE7F49186} = {E8848AE4-AAB2-4DF7-9045-B09CE7F49186}
	EndProjectSection
EndProject
Project("{FAE04EC0-301F-11D3-BF4B-00C04F79EFBC}") = "WordCountTopology", "WordCountTopology\WordCountTopology.csproj", "{1441E830-C237-415C-9025-47CE8DA73D7B}"
	ProjectSection(ProjectDependencies) = postProject
		{79B52C4C-B895-4CFF-ACC9-6211A6ECD876} = {79B52C4C-B895-4CFF-ACC9-6211A6ECD876}
	EndProjectSection
EndProject
Project("{FAE04EC0-301F-11D3-BF4B-00C04F79EFBC}") = "PrimitiveInterface", "PrimitiveInterface\PrimitiveInterface.csproj", "{79B52C4C-B895-4CFF-ACC9-6211A6ECD876}"
EndProject
Project("{FAE04EC0-301F-11D3-BF4B-00C04F79EFBC}") = "CFR", "CFR\CFR.csproj", "{E8848AE4-AAB2-4DF7-9045-B09CE7F49186}"
	ProjectSection(ProjectDependencies) = postProject
		{79B52C4C-B895-4CFF-ACC9-6211A6ECD876} = {79B52C4C-B895-4CFF-ACC9-6211A6ECD876}
	EndProjectSection
EndProject
Project("{2150E333-8FDC-42A3-9474-1A3956D46DE8}") = "Solution Items", "Solution Items", "{9BC50B2E-B3AE-4A4F-BD34-0DB0EC6535CD}"
	ProjectSection(SolutionItems) = preProject
		Performance1.psess = Performance1.psess
	EndProjectSection
EndProject
Project("{FAE04EC0-301F-11D3-BF4B-00C04F79EFBC}") = "AzureAdapter", "AzureAdapter\AzureAdapter.csproj", "{5B5213B2-3321-46B1-B7C5-8B786B04346F}"
EndProject
Project("{FAE04EC0-301F-11D3-BF4B-00C04F79EFBC}") = "Master", "Master\Master.csproj", "{CEAC54A1-68D8-4A33-AD69-DB254D49713D}"
EndProject
Global
	GlobalSection(SolutionConfigurationPlatforms) = preSolution
		Debug|Any CPU = Debug|Any CPU
		Release|Any CPU = Release|Any CPU
	EndGlobalSection
	GlobalSection(ProjectConfigurationPlatforms) = postSolution
		{75A05B80-F4CC-4548-AECF-B11742BBCCC6}.Debug|Any CPU.ActiveCfg = Debug|Any CPU
		{75A05B80-F4CC-4548-AECF-B11742BBCCC6}.Debug|Any CPU.Build.0 = Debug|Any CPU
		{75A05B80-F4CC-4548-AECF-B11742BBCCC6}.Release|Any CPU.ActiveCfg = Release|Any CPU
		{75A05B80-F4CC-4548-AECF-B11742BBCCC6}.Release|Any CPU.Build.0 = Release|Any CPU
		{2B5F0227-71E7-4325-999C-CD28EE37BB46}.Debug|Any CPU.ActiveCfg = Debug|Any CPU
		{2B5F0227-71E7-4325-999C-CD28EE37BB46}.Debug|Any CPU.Build.0 = Debug|Any CPU
		{2B5F0227-71E7-4325-999C-CD28EE37BB46}.Release|Any CPU.ActiveCfg = Release|Any CPU
		{2B5F0227-71E7-4325-999C-CD28EE37BB46}.Release|Any CPU.Build.0 = Release|Any CPU
		{1441E830-C237-415C-9025-47CE8DA73D7B}.Debug|Any CPU.ActiveCfg = Debug|Any CPU
		{1441E830-C237-415C-9025-47CE8DA73D7B}.Debug|Any CPU.Build.0 = Debug|Any CPU
		{1441E830-C237-415C-9025-47CE8DA73D7B}.Release|Any CPU.ActiveCfg = Release|Any CPU
		{1441E830-C237-415C-9025-47CE8DA73D7B}.Release|Any CPU.Build.0 = Release|Any CPU
		{79B52C4C-B895-4CFF-ACC9-6211A6ECD876}.Debug|Any CPU.ActiveCfg = Debug|Any CPU
		{79B52C4C-B895-4CFF-ACC9-6211A6ECD876}.Debug|Any CPU.Build.0 = Debug|Any CPU
		{79B52C4C-B895-4CFF-ACC9-6211A6ECD876}.Release|Any CPU.ActiveCfg = Release|Any CPU
		{79B52C4C-B895-4CFF-ACC9-6211A6ECD876}.Release|Any CPU.Build.0 = Release|Any CPU
		{E8848AE4-AAB2-4DF7-9045-B09CE7F49186}.Debug|Any CPU.ActiveCfg = Debug|Any CPU
		{E8848AE4-AAB2-4DF7-9045-B09CE7F49186}.Debug|Any CPU.Build.0 = Debug|Any CPU
		{E8848AE4-AAB2-4DF7-9045-B09CE7F49186}.Release|Any CPU.ActiveCfg = Release|Any CPU
		{E8848AE4-AAB2-4DF7-9045-B09CE7F49186}.Release|Any CPU.Build.0 = Release|Any CPU
		{5B5213B2-3321-46B1-B7C5-8B786B04346F}.Debug|Any CPU.ActiveCfg = Debug|Any CPU
		{5B5213B2-3321-46B1-B7C5-8B786B04346F}.Debug|Any CPU.Build.0 = Debug|Any CPU
		{5B5213B2-3321-46B1-B7C5-8B786B04346F}.Release|Any CPU.ActiveCfg = Release|Any CPU
		{5B5213B2-3321-46B1-B7C5-8B786B04346F}.Release|Any CPU.Build.0 = Release|Any CPU
		{CEAC54A1-68D8-4A33-AD69-DB254D49713D}.Debug|Any CPU.ActiveCfg = Debug|Any CPU
		{CEAC54A1-68D8-4A33-AD69-DB254D49713D}.Debug|Any CPU.Build.0 = Debug|Any CPU
		{CEAC54A1-68D8-4A33-AD69-DB254D49713D}.Release|Any CPU.ActiveCfg = Release|Any CPU
		{CEAC54A1-68D8-4A33-AD69-DB254D49713D}.Release|Any CPU.Build.0 = Release|Any CPU
	EndGlobalSection
	GlobalSection(SolutionProperties) = preSolution
		HideSolutionNode = FALSE
	EndGlobalSection
	GlobalSection(Performance) = preSolution
		HasPerformanceSessions = true
	EndGlobalSection
EndGlobal
